
Microsoft Visual Studio Solution File, Format Version 12.00
# Visual Studio 14
VisualStudioVersion = 14.0.24720.0
MinimumVisualStudioVersion = 10.0.40219.1
Project("{F184B08F-C81C-45F6-A57F-5ABD9991F28F}") = "Class-Two", "Class-Two\Class-Two.vbproj", "{FD258F84-4E82-4EC3-A3EF-7F8F2BB9C084}"
EndProject
Project("{F184B08F-C81C-45F6-A57F-5ABD9991F28F}") = "Arrays", "Arrays\Arrays.vbproj", "{A7482FD3-96A8-4EF0-8C86-A7EE7D2FE438}"
EndProject
Project("{F184B08F-C81C-45F6-A57F-5ABD9991F28F}") = "Operadores aritmeticos", "Operadores aritmeticos\Operadores aritmeticos.vbproj", "{CF49FB34-3658-46C6-91A9-15E87EDDE968}"
EndProject
Project("{F184B08F-C81C-45F6-A57F-5ABD9991F28F}") = "EtiquetasCuadrosDeTexto", "EtiquetasCuadrosDeTexto\EtiquetasCuadrosDeTexto.vbproj", "{BBB13F37-AB48-4128-803C-17470C5C7770}"
EndProject
Project("{F184B08F-C81C-45F6-A57F-5ABD9991F28F}") = "Botones", "Botones\Botones.vbproj", "{D4A5E81E-23E4-4E59-A760-3EAB153EBB01}"
EndProject
Project("{F184B08F-C81C-45F6-A57F-5ABD9991F28F}") = "Operadores logicos", "Operadores logicos\Operadores logicos.vbproj", "{CAC3D97D-824C-428F-8C92-85463DA6A89C}"
EndProject
Project("{F184B08F-C81C-45F6-A57F-5ABD9991F28F}") = "MenuStrip", "MenuStrip\MenuStrip.vbproj", "{6D42D4A8-FC4D-4B9C-8498-F74FB0560A94}"
EndProject
Global
	GlobalSection(SolutionConfigurationPlatforms) = preSolution
		Debug|Any CPU = Debug|Any CPU
		Release|Any CPU = Release|Any CPU
	EndGlobalSection
	GlobalSection(ProjectConfigurationPlatforms) = postSolution
		{FD258F84-4E82-4EC3-A3EF-7F8F2BB9C084}.Debug|Any CPU.ActiveCfg = Debug|Any CPU
		{FD258F84-4E82-4EC3-A3EF-7F8F2BB9C084}.Debug|Any CPU.Build.0 = Debug|Any CPU
		{FD258F84-4E82-4EC3-A3EF-7F8F2BB9C084}.Release|Any CPU.ActiveCfg = Release|Any CPU
		{FD258F84-4E82-4EC3-A3EF-7F8F2BB9C084}.Release|Any CPU.Build.0 = Release|Any CPU
		{A7482FD3-96A8-4EF0-8C86-A7EE7D2FE438}.Debug|Any CPU.ActiveCfg = Debug|Any CPU
		{A7482FD3-96A8-4EF0-8C86-A7EE7D2FE438}.Debug|Any CPU.Build.0 = Debug|Any CPU
		{A7482FD3-96A8-4EF0-8C86-A7EE7D2FE438}.Release|Any CPU.ActiveCfg = Release|Any CPU
		{A7482FD3-96A8-4EF0-8C86-A7EE7D2FE438}.Release|Any CPU.Build.0 = Release|Any CPU
		{CF49FB34-3658-46C6-91A9-15E87EDDE968}.Debug|Any CPU.ActiveCfg = Debug|Any CPU
		{CF49FB34-3658-46C6-91A9-15E87EDDE968}.Debug|Any CPU.Build.0 = Debug|Any CPU
		{CF49FB34-3658-46C6-91A9-15E87EDDE968}.Release|Any CPU.ActiveCfg = Release|Any CPU
		{CF49FB34-3658-46C6-91A9-15E87EDDE968}.Release|Any CPU.Build.0 = Release|Any CPU
		{BBB13F37-AB48-4128-803C-17470C5C7770}.Debug|Any CPU.ActiveCfg = Debug|Any CPU
		{BBB13F37-AB48-4128-803C-17470C5C7770}.Debug|Any CPU.Build.0 = Debug|Any CPU
		{BBB13F37-AB48-4128-803C-17470C5C7770}.Release|Any CPU.ActiveCfg = Release|Any CPU
		{BBB13F37-AB48-4128-803C-17470C5C7770}.Release|Any CPU.Build.0 = Release|Any CPU
		{D4A5E81E-23E4-4E59-A760-3EAB153EBB01}.Debug|Any CPU.ActiveCfg = Debug|Any CPU
		{D4A5E81E-23E4-4E59-A760-3EAB153EBB01}.Debug|Any CPU.Build.0 = Debug|Any CPU
		{D4A5E81E-23E4-4E59-A760-3EAB153EBB01}.Release|Any CPU.ActiveCfg = Release|Any CPU
		{D4A5E81E-23E4-4E59-A760-3EAB153EBB01}.Release|Any CPU.Build.0 = Release|Any CPU
		{CAC3D97D-824C-428F-8C92-85463DA6A89C}.Debug|Any CPU.ActiveCfg = Debug|Any CPU
		{CAC3D97D-824C-428F-8C92-85463DA6A89C}.Debug|Any CPU.Build.0 = Debug|Any CPU
		{CAC3D97D-824C-428F-8C92-85463DA6A89C}.Release|Any CPU.ActiveCfg = Release|Any CPU
		{CAC3D97D-824C-428F-8C92-85463DA6A89C}.Release|Any CPU.Build.0 = Release|Any CPU
		{6D42D4A8-FC4D-4B9C-8498-F74FB0560A94}.Debug|Any CPU.ActiveCfg = Debug|Any CPU
		{6D42D4A8-FC4D-4B9C-8498-F74FB0560A94}.Debug|Any CPU.Build.0 = Debug|Any CPU
		{6D42D4A8-FC4D-4B9C-8498-F74FB0560A94}.Release|Any CPU.ActiveCfg = Release|Any CPU
		{6D42D4A8-FC4D-4B9C-8498-F74FB0560A94}.Release|Any CPU.Build.0 = Release|Any CPU
	EndGlobalSection
	GlobalSection(SolutionProperties) = preSolution
		HideSolutionNode = FALSE
	EndGlobalSection
EndGlobal
